// !$*UTF8*$!
{
	archiveVersion = 1;
	classes = {
	};
	objectVersion = 46;
	objects = {

/* Begin PBXBuildFile section */
		044433EB1BD1F6410015A4D1 /* AppDelegate.swift in Sources */ = {isa = PBXBuildFile; fileRef = 044433EA1BD1F6410015A4D1 /* AppDelegate.swift */; };
		044433ED1BD1F6410015A4D1 /* ViewController.swift in Sources */ = {isa = PBXBuildFile; fileRef = 044433EC1BD1F6410015A4D1 /* ViewController.swift */; };
		044433F01BD1F6410015A4D1 /* Main.storyboard in Resources */ = {isa = PBXBuildFile; fileRef = 044433EE1BD1F6410015A4D1 /* Main.storyboard */; };
		044433F21BD1F6410015A4D1 /* Assets.xcassets in Resources */ = {isa = PBXBuildFile; fileRef = 044433F11BD1F6410015A4D1 /* Assets.xcassets */; };
		044433F51BD1F6410015A4D1 /* LaunchScreen.storyboard in Resources */ = {isa = PBXBuildFile; fileRef = 044433F31BD1F6410015A4D1 /* LaunchScreen.storyboard */; };
		044434001BD1F6410015A4D1 /* Practice04_SegueTests.swift in Sources */ = {isa = PBXBuildFile; fileRef = 044433FF1BD1F6410015A4D1 /* Practice04_SegueTests.swift */; };
		0444340B1BD1F6410015A4D1 /* Practice04_SegueUITests.swift in Sources */ = {isa = PBXBuildFile; fileRef = 0444340A1BD1F6410015A4D1 /* Practice04_SegueUITests.swift */; };
		044434191BD1FA0C0015A4D1 /* DetailViewController.swift in Sources */ = {isa = PBXBuildFile; fileRef = 044434181BD1FA0C0015A4D1 /* DetailViewController.swift */; settings = {ASSET_TAGS = (); }; };
		0444341B1BD208730015A4D1 /* NewSegue.swift in Sources */ = {isa = PBXBuildFile; fileRef = 0444341A1BD208730015A4D1 /* NewSegue.swift */; settings = {ASSET_TAGS = (); }; };
/* End PBXBuildFile section */

/* Begin PBXContainerItemProxy section */
		044433FC1BD1F6410015A4D1 /* PBXContainerItemProxy */ = {
			isa = PBXContainerItemProxy;
			containerPortal = 044433DF1BD1F6410015A4D1 /* Project object */;
			proxyType = 1;
			remoteGlobalIDString = 044433E61BD1F6410015A4D1;
			remoteInfo = "Practice04-Segue";
		};
		044434071BD1F6410015A4D1 /* PBXContainerItemProxy */ = {
			isa = PBXContainerItemProxy;
			containerPortal = 044433DF1BD1F6410015A4D1 /* Project object */;
			proxyType = 1;
			remoteGlobalIDString = 044433E61BD1F6410015A4D1;
			remoteInfo = "Practice04-Segue";
		};
/* End PBXContainerItemProxy section */

/* Begin PBXFileReference section */
		044433E71BD1F6410015A4D1 /* Practice04-Segue.app */ = {isa = PBXFileReference; explicitFileType = wrapper.application; includeInIndex = 0; path = "Practice04-Segue.app"; sourceTree = BUILT_PRODUCTS_DIR; };
		044433EA1BD1F6410015A4D1 /* AppDelegate.swift */ = {isa = PBXFileReference; lastKnownFileType = sourcecode.swift; path = AppDelegate.swift; sourceTree = "<group>"; };
		044433EC1BD1F6410015A4D1 /* ViewController.swift */ = {isa = PBXFileReference; lastKnownFileType = sourcecode.swift; path = ViewController.swift; sourceTree = "<group>"; };
		044433EF1BD1F6410015A4D1 /* Base */ = {isa = PBXFileReference; lastKnownFileType = file.storyboard; name = Base; path = Base.lproj/Main.storyboard; sourceTree = "<group>"; };
		044433F11BD1F6410015A4D1 /* Assets.xcassets */ = {isa = PBXFileReference; lastKnownFileType = folder.assetcatalog; path = Assets.xcassets; sourceTree = "<group>"; };
		044433F41BD1F6410015A4D1 /* Base */ = {isa = PBXFileReference; lastKnownFileType = file.storyboard; name = Base; path = Base.lproj/LaunchScreen.storyboard; sourceTree = "<group>"; };
		044433F61BD1F6410015A4D1 /* Info.plist */ = {isa = PBXFileReference; lastKnownFileType = text.plist.xml; path = Info.plist; sourceTree = "<group>"; };
		044433FB1BD1F6410015A4D1 /* Practice04-SegueTests.xctest */ = {isa = PBXFileReference; explicitFileType = wrapper.cfbundle; includeInIndex = 0; path = "Practice04-SegueTests.xctest"; sourceTree = BUILT_PRODUCTS_DIR; };
		044433FF1BD1F6410015A4D1 /* Practice04_SegueTests.swift */ = {isa = PBXFileReference; lastKnownFileType = sourcecode.swift; path = Practice04_SegueTests.swift; sourceTree = "<group>"; };
		044434011BD1F6410015A4D1 /* Info.plist */ = {isa = PBXFileReference; lastKnownFileType = text.plist.xml; path = Info.plist; sourceTree = "<group>"; };
		044434061BD1F6410015A4D1 /* Practice04-SegueUITests.xctest */ = {isa = PBXFileReference; explicitFileType = wrapper.cfbundle; includeInIndex = 0; path = "Practice04-SegueUITests.xctest"; sourceTree = BUILT_PRODUCTS_DIR; };
		0444340A1BD1F6410015A4D1 /* Practice04_SegueUITests.swift */ = {isa = PBXFileReference; lastKnownFileType = sourcecode.swift; path = Practice04_SegueUITests.swift; sourceTree = "<group>"; };
		0444340C1BD1F6410015A4D1 /* Info.plist */ = {isa = PBXFileReference; lastKnownFileType = text.plist.xml; path = Info.plist; sourceTree = "<group>"; };
		044434181BD1FA0C0015A4D1 /* DetailViewController.swift */ = {isa = PBXFileReference; fileEncoding = 4; lastKnownFileType = sourcecode.swift; path = DetailViewController.swift; sourceTree = "<group>"; };
		0444341A1BD208730015A4D1 /* NewSegue.swift */ = {isa = PBXFileReference; fileEncoding = 4; lastKnownFileType = sourcecode.swift; path = NewSegue.swift; sourceTree = "<group>"; };
/* End PBXFileReference section */

/* Begin PBXFrameworksBuildPhase section */
		044433E41BD1F6410015A4D1 /* Frameworks */ = {
			isa = PBXFrameworksBuildPhase;
			buildActionMask = 2147483647;
			files = (
			);
			runOnlyForDeploymentPostprocessing = 0;
		};
		044433F81BD1F6410015A4D1 /* Frameworks */ = {
			isa = PBXFrameworksBuildPhase;
			buildActionMask = 2147483647;
			files = (
			);
			runOnlyForDeploymentPostprocessing = 0;
		};
		044434031BD1F6410015A4D1 /* Frameworks */ = {
			isa = PBXFrameworksBuildPhase;
			buildActionMask = 2147483647;
			files = (
			);
			runOnlyForDeploymentPostprocessing = 0;
		};
/* End PBXFrameworksBuildPhase section */

/* Begin PBXGroup section */
		044433DE1BD1F6410015A4D1 = {
			isa = PBXGroup;
			children = (
				044433E91BD1F6410015A4D1 /* Practice04-Segue */,
				044433FE1BD1F6410015A4D1 /* Practice04-SegueTests */,
				044434091BD1F6410015A4D1 /* Practice04-SegueUITests */,
				044433E81BD1F6410015A4D1 /* Products */,
			);
			sourceTree = "<group>";
		};
		044433E81BD1F6410015A4D1 /* Products */ = {
			isa = PBXGroup;
			children = (
				044433E71BD1F6410015A4D1 /* Practice04-Segue.app */,
				044433FB1BD1F6410015A4D1 /* Practice04-SegueTests.xctest */,
				044434061BD1F6410015A4D1 /* Practice04-SegueUITests.xctest */,
			);
			name = Products;
			sourceTree = "<group>";
		};
		044433E91BD1F6410015A4D1 /* Practice04-Segue */ = {
			isa = PBXGroup;
			children = (
				044433EA1BD1F6410015A4D1 /* AppDelegate.swift */,
				044433EC1BD1F6410015A4D1 /* ViewController.swift */,
				044434181BD1FA0C0015A4D1 /* DetailViewController.swift */,
				0444341A1BD208730015A4D1 /* NewSegue.swift */,
				044433EE1BD1F6410015A4D1 /* Main.storyboard */,
				044433F11BD1F6410015A4D1 /* Assets.xcassets */,
				044433F31BD1F6410015A4D1 /* LaunchScreen.storyboard */,
				044433F61BD1F6410015A4D1 /* Info.plist */,
			);
			path = "Practice04-Segue";
			sourceTree = "<group>";
		};
		044433FE1BD1F6410015A4D1 /* Practice04-SegueTests */ = {
			isa = PBXGroup;
			children = (
				044433FF1BD1F6410015A4D1 /* Practice04_SegueTests.swift */,
				044434011BD1F6410015A4D1 /* Info.plist */,
			);
			path = "Practice04-SegueTests";
			sourceTree = "<group>";
		};
		044434091BD1F6410015A4D1 /* Practice04-SegueUITests */ = {
			isa = PBXGroup;
			children = (
				0444340A1BD1F6410015A4D1 /* Practice04_SegueUITests.swift */,
				0444340C1BD1F6410015A4D1 /* Info.plist */,
			);
			path = "Practice04-SegueUITests";
			sourceTree = "<group>";
		};
/* End PBXGroup section */

/* Begin PBXNativeTarget section */
		044433E61BD1F6410015A4D1 /* Practice04-Segue */ = {
			isa = PBXNativeTarget;
			buildConfigurationList = 0444340F1BD1F6410015A4D1 /* Build configuration list for PBXNativeTarget "Practice04-Segue" */;
			buildPhases = (
				044433E31BD1F6410015A4D1 /* Sources */,
				044433E41BD1F6410015A4D1 /* Frameworks */,
				044433E51BD1F6410015A4D1 /* Resources */,
			);
			buildRules = (
			);
			dependencies = (
			);
			name = "Practice04-Segue";
			productName = "Practice04-Segue";
			productReference = 044433E71BD1F6410015A4D1 /* Practice04-Segue.app */;
			productType = "com.apple.product-type.application";
		};
		044433FA1BD1F6410015A4D1 /* Practice04-SegueTests */ = {
			isa = PBXNativeTarget;
			buildConfigurationList = 044434121BD1F6410015A4D1 /* Build configuration list for PBXNativeTarget "Practice04-SegueTests" */;
			buildPhases = (
				044433F71BD1F6410015A4D1 /* Sources */,
				044433F81BD1F6410015A4D1 /* Frameworks */,
				044433F91BD1F6410015A4D1 /* Resources */,
			);
			buildRules = (
			);
			dependencies = (
				044433FD1BD1F6410015A4D1 /* PBXTargetDependency */,
			);
			name = "Practice04-SegueTests";
			productName = "Practice04-SegueTests";
			productReference = 044433FB1BD1F6410015A4D1 /* Practice04-SegueTests.xctest */;
			productType = "com.apple.product-type.bundle.unit-test";
		};
		044434051BD1F6410015A4D1 /* Practice04-SegueUITests */ = {
			isa = PBXNativeTarget;
			buildConfigurationList = 044434151BD1F6410015A4D1 /* Build configuration list for PBXNativeTarget "Practice04-SegueUITests" */;
			buildPhases = (
				044434021BD1F6410015A4D1 /* Sources */,
				044434031BD1F6410015A4D1 /* Frameworks */,
				044434041BD1F6410015A4D1 /* Resources */,
			);
			buildRules = (
			);
			dependencies = (
				044434081BD1F6410015A4D1 /* PBXTargetDependency */,
			);
			name = "Practice04-SegueUITests";
			productName = "Practice04-SegueUITests";
			productReference = 044434061BD1F6410015A4D1 /* Practice04-SegueUITests.xctest */;
			productType = "com.apple.product-type.bundle.ui-testing";
		};
/* End PBXNativeTarget section */

/* Begin PBXProject section */
		044433DF1BD1F6410015A4D1 /* Project object */ = {
			isa = PBXProject;
			attributes = {
				LastUpgradeCheck = 0700;
				ORGANIZATIONNAME = Mac;
				TargetAttributes = {
					044433E61BD1F6410015A4D1 = {
						CreatedOnToolsVersion = 7.0.1;
					};
					044433FA1BD1F6410015A4D1 = {
						CreatedOnToolsVersion = 7.0.1;
						TestTargetID = 044433E61BD1F6410015A4D1;
					};
					044434051BD1F6410015A4D1 = {
						CreatedOnToolsVersion = 7.0.1;
						TestTargetID = 044433E61BD1F6410015A4D1;
					};
				};
			};
			buildConfigurationList = 044433E21BD1F6410015A4D1 /* Build configuration list for PBXProject "Practice04-Segue" */;
			compatibilityVersion = "Xcode 3.2";
			developmentRegion = English;
			hasScannedForEncodings = 0;
			knownRegions = (
				en,
				Base,
			);
			mainGroup = 044433DE1BD1F6410015A4D1;
			productRefGroup = 044433E81BD1F6410015A4D1 /* Products */;
			projectDirPath = "";
			projectRoot = "";
			targets = (
				044433E61BD1F6410015A4D1 /* Practice04-Segue */,
				044433FA1BD1F6410015A4D1 /* Practice04-SegueTests */,
				044434051BD1F6410015A4D1 /* Practice04-SegueUITests */,
			);
		};
/* End PBXProject section */

/* Begin PBXResourcesBuildPhase section */
		044433E51BD1F6410015A4D1 /* Resources */ = {
			isa = PBXResourcesBuildPhase;
			buildActionMask = 2147483647;
			files = (
				044433F51BD1F6410015A4D1 /* LaunchScreen.storyboard in Resources */,
				044433F21BD1F6410015A4D1 /* Assets.xcassets in Resources */,
				044433F01BD1F6410015A4D1 /* Main.storyboard in Resources */,
			);
			runOnlyForDeploymentPostprocessing = 0;
		};
		044433F91BD1F6410015A4D1 /* Resources */ = {
			isa = PBXResourcesBuildPhase;
			buildActionMask = 2147483647;
			files = (
			);
			runOnlyForDeploymentPostprocessing = 0;
		};
		044434041BD1F6410015A4D1 /* Resources */ = {
			isa = PBXResourcesBuildPhase;
			buildActionMask = 2147483647;
			files = (
			);
			runOnlyForDeploymentPostprocessing = 0;
		};
/* End PBXResourcesBuildPhase section */

/* Begin PBXSourcesBuildPhase section */
		044433E31BD1F6410015A4D1 /* Sources */ = {
			isa = PBXSourcesBuildPhase;
			buildActionMask = 2147483647;
			files = (
				0444341B1BD208730015A4D1 /* NewSegue.swift in Sources */,
				044434191BD1FA0C0015A4D1 /* DetailViewController.swift in Sources */,
				044433ED1BD1F6410015A4D1 /* ViewController.swift in Sources */,
				044433EB1BD1F6410015A4D1 /* AppDelegate.swift in Sources */,
			);
			runOnlyForDeploymentPostprocessing = 0;
		};
		044433F71BD1F6410015A4D1 /* Sources */ = {
			isa = PBXSourcesBuildPhase;
			buildActionMask = 2147483647;
			files = (
				044434001BD1F6410015A4D1 /* Practice04_SegueTests.swift in Sources */,
			);
			runOnlyForDeploymentPostprocessing = 0;
		};
		044434021BD1F6410015A4D1 /* Sources */ = {
			isa = PBXSourcesBuildPhase;
			buildActionMask = 2147483647;
			files = (
				0444340B1BD1F6410015A4D1 /* Practice04_SegueUITests.swift in Sources */,
			);
			runOnlyForDeploymentPostprocessing = 0;
		};
/* End PBXSourcesBuildPhase section */

/* Begin PBXTargetDependency section */
		044433FD1BD1F6410015A4D1 /* PBXTargetDependency */ = {
			isa = PBXTargetDependency;
			target = 044433E61BD1F6410015A4D1 /* Practice04-Segue */;
			targetProxy = 044433FC1BD1F6410015A4D1 /* PBXContainerItemProxy */;
		};
		044434081BD1F6410015A4D1 /* PBXTargetDependency */ = {
			isa = PBXTargetDependency;
			target = 044433E61BD1F6410015A4D1 /* Practice04-Segue */;
			targetProxy = 044434071BD1F6410015A4D1 /* PBXContainerItemProxy */;
		};
/* End PBXTargetDependency section */

/* Begin PBXVariantGroup section */
		044433EE1BD1F6410015A4D1 /* Main.storyboard */ = {
			isa = PBXVariantGroup;
			children = (
				044433EF1BD1F6410015A4D1 /* Base */,
			);
			name = Main.storyboard;
			sourceTree = "<group>";
		};
		044433F31BD1F6410015A4D1 /* LaunchScreen.storyboard */ = {
			isa = PBXVariantGroup;
			children = (
				044433F41BD1F6410015A4D1 /* Base */,
			);
			name = LaunchScreen.storyboard;
			sourceTree = "<group>";
		};
/* End PBXVariantGroup section */

/* Begin XCBuildConfiguration section */
		0444340D1BD1F6410015A4D1 /* Debug */ = {
			isa = XCBuildConfiguration;
			buildSettings = {
				ALWAYS_SEARCH_USER_PATHS = NO;
				CLANG_CXX_LANGUAGE_STANDARD = "gnu++0x";
				CLANG_CXX_LIBRARY = "libc++";
				CLANG_ENABLE_MODULES = YES;
				CLANG_ENABLE_OBJC_ARC = YES;
				CLANG_WARN_BOOL_CONVERSION = YES;
				CLANG_WARN_CONSTANT_CONVERSION = YES;
				CLANG_WARN_DIRECT_OBJC_ISA_USAGE = YES_ERROR;
				CLANG_WARN_EMPTY_BODY = YES;
				CLANG_WARN_ENUM_CONVERSION = YES;
				CLANG_WARN_INT_CONVERSION = YES;
				CLANG_WARN_OBJC_ROOT_CLASS = YES_ERROR;
				CLANG_WARN_UNREACHABLE_CODE = YES;
				CLANG_WARN__DUPLICATE_METHOD_MATCH = YES;
				"CODE_SIGN_IDENTITY[sdk=iphoneos*]" = "iPhone Developer";
				COPY_PHASE_STRIP = NO;
				DEBUG_INFORMATION_FORMAT = dwarf;
				ENABLE_STRICT_OBJC_MSGSEND = YES;
				ENABLE_TESTABILITY = YES;
				GCC_C_LANGUAGE_STANDARD = gnu99;
				GCC_DYNAMIC_NO_PIC = NO;
				GCC_NO_COMMON_BLOCKS = YES;
				GCC_OPTIMIZATION_LEVEL = 0;
				GCC_PREPROCESSOR_DEFINITIONS = (
					"DEBUG=1",
					"$(inherited)",
				);
				GCC_WARN_64_TO_32_BIT_CONVERSION = YES;
				GCC_WARN_ABOUT_RETURN_TYPE = YES_ERROR;
				GCC_WARN_UNDECLARED_SELECTOR = YES;
				GCC_WARN_UNINITIALIZED_AUTOS = YES_AGGRESSIVE;
				GCC_WARN_UNUSED_FUNCTION = YES;
				GCC_WARN_UNUSED_VARIABLE = YES;
				IPHONEOS_DEPLOYMENT_TARGET = 9.0;
				MTL_ENABLE_DEBUG_INFO = YES;
				ONLY_ACTIVE_ARCH = YES;
				SDKROOT = iphoneos;
				SWIFT_OPTIMIZATION_LEVEL = "-Onone";
			};
			name = Debug;
		};
		0444340E1BD1F6410015A4D1 /* Release */ = {
			isa = XCBuildConfiguration;
			buildSettings = {
				ALWAYS_SEARCH_USER_PATHS = NO;
				CLANG_CXX_LANGUAGE_STANDARD = "gnu++0x";
				CLANG_CXX_LIBRARY = "libc++";
				CLANG_ENABLE_MODULES = YES;
				CLANG_ENABLE_OBJC_ARC = YES;
				CLANG_WARN_BOOL_CONVERSION = YES;
				CLANG_WARN_CONSTANT_CONVERSION = YES;
				CLANG_WARN_DIRECT_OBJC_ISA_USAGE = YES_ERROR;
				CLANG_WARN_EMPTY_BODY = YES;
				CLANG_WARN_ENUM_CONVERSION = YES;
				CLANG_WARN_INT_CONVERSION = YES;
				CLANG_WARN_OBJC_ROOT_CLASS = YES_ERROR;
				CLANG_WARN_UNREACHABLE_CODE = YES;
				CLANG_WARN__DUPLICATE_METHOD_MATCH = YES;
				"CODE_SIGN_IDENTITY[sdk=iphoneos*]" = "iPhone Developer";
				COPY_PHASE_STRIP = NO;
				DEBUG_INFORMATION_FORMAT = "dwarf-with-dsym";
				ENABLE_NS_ASSERTIONS = NO;
				ENABLE_STRICT_OBJC_MSGSEND = YES;
				GCC_C_LANGUAGE_STANDARD = gnu99;
				GCC_NO_COMMON_BLOCKS = YES;
				GCC_WARN_64_TO_32_BIT_CONVERSION = YES;
				GCC_WARN_ABOUT_RETURN_TYPE = YES_ERROR;
				GCC_WARN_UNDECLARED_SELECTOR = YES;
				GCC_WARN_UNINITIALIZED_AUTOS = YES_AGGRESSIVE;
				GCC_WARN_UNUSED_FUNCTION = YES;
				GCC_WARN_UNUSED_VARIABLE = YES;
				IPHONEOS_DEPLOYMENT_TARGET = 9.0;
				MTL_ENABLE_DEBUG_INFO = NO;
				SDKROOT = iphoneos;
				VALIDATE_PRODUCT = YES;
			};
			name = Release;
		};
		044434101BD1F6410015A4D1 /* Debug */ = {
			isa = XCBuildConfiguration;
			buildSettings = {
				ASSETCATALOG_COMPILER_APPICON_NAME = AppIcon;
				INFOPLIST_FILE = "Practice04-Segue/Info.plist";
				LD_RUNPATH_SEARCH_PATHS = "$(inherited) @executable_path/Frameworks";
				PRODUCT_BUNDLE_IDENTIFIER = "fn.zoo.Practice04-Segue";
				PRODUCT_NAME = "$(TARGET_NAME)";
			};
			name = Debug;
		};
		044434111BD1F6410015A4D1 /* Release */ = {
			isa = XCBuildConfiguration;
			buildSettings = {
				ASSETCATALOG_COMPILER_APPICON_NAME = AppIcon;
				INFOPLIST_FILE = "Practice04-Segue/Info.plist";
				LD_RUNPATH_SEARCH_PATHS = "$(inherited) @executable_path/Frameworks";
				PRODUCT_BUNDLE_IDENTIFIER = "fn.zoo.Practice04-Segue";
				PRODUCT_NAME = "$(TARGET_NAME)";
			};
			name = Release;
		};
		044434131BD1F6410015A4D1 /* Debug */ = {
			isa = XCBuildConfiguration;
			buildSettings = {
				BUNDLE_LOADER = "$(TEST_HOST)";
				INFOPLIST_FILE = "Practice04-SegueTests/Info.plist";
				LD_RUNPATH_SEARCH_PATHS = "$(inherited) @executable_path/Frameworks @loader_path/Frameworks";
				PRODUCT_BUNDLE_IDENTIFIER = "fn.zoo.Practice04-SegueTests";
				PRODUCT_NAME = "$(TARGET_NAME)";
				TEST_HOST = "$(BUILT_PRODUCTS_DIR)/Practice04-Segue.app/Practice04-Segue";
			};
			name = Debug;
		};
		044434141BD1F6410015A4D1 /* Release */ = {
			isa = XCBuildConfiguration;
			buildSettings = {
				BUNDLE_LOADER = "$(TEST_HOST)";
				INFOPLIST_FILE = "Practice04-SegueTests/Info.plist";
				LD_RUNPATH_SEARCH_PATHS = "$(inherited) @executable_path/Frameworks @loader_path/Frameworks";
				PRODUCT_BUNDLE_IDENTIFIER = "fn.zoo.Practice04-SegueTests";
				PRODUCT_NAME = "$(TARGET_NAME)";
				TEST_HOST = "$(BUILT_PRODUCTS_DIR)/Practice04-Segue.app/Practice04-Segue";
			};
			name = Release;
		};
		044434161BD1F6410015A4D1 /* Debug */ = {
			isa = XCBuildConfiguration;
			buildSettings = {
				INFOPLIST_FILE = "Practice04-SegueUITests/Info.plist";
				LD_RUNPATH_SEARCH_PATHS = "$(inherited) @executable_path/Frameworks @loader_path/Frameworks";
				PRODUCT_BUNDLE_IDENTIFIER = "fn.zoo.Practice04-SegueUITests";
				PRODUCT_NAME = "$(TARGET_NAME)";
				TEST_TARGET_NAME = "Practice04-Segue";
				USES_XCTRUNNER = YES;
			};
			name = Debug;
		};
		044434171BD1F6410015A4D1 /* Release */ = {
			isa = XCBuildConfiguration;
			buildSettings = {
				INFOPLIST_FILE = "Practice04-SegueUITests/Info.plist";
				LD_RUNPATH_SEARCH_PATHS = "$(inherited) @executable_path/Frameworks @loader_path/Frameworks";
				PRODUCT_BUNDLE_IDENTIFIER = "fn.zoo.Practice04-SegueUITests";
				PRODUCT_NAME = "$(TARGET_NAME)";
				TEST_TARGET_NAME = "Practice04-Segue";
				USES_XCTRUNNER = YES;
			};
			name = Release;
		};
/* End XCBuildConfiguration section */

/* Begin XCConfigurationList section */
		044433E21BD1F6410015A4D1 /* Build configuration list for PBXProject "Practice04-Segue" */ = {
			isa = XCConfigurationList;
			buildConfigurations = (
				0444340D1BD1F6410015A4D1 /* Debug */,
				0444340E1BD1F6410015A4D1 /* Release */,
			);
			defaultConfigurationIsVisible = 0;
			defaultConfigurationName = Release;
		};
		0444340F1BD1F6410015A4D1 /* Build configuration list for PBXNativeTarget "Practice04-Segue" */ = {
			isa = XCConfigurationList;
			buildConfigurations = (
				044434101BD1F6410015A4D1 /* Debug */,
				044434111BD1F6410015A4D1 /* Release */,
			);
			defaultConfigurationIsVisible = 0;
		};
		044434121BD1F6410015A4D1 /* Build configuration list for PBXNativeTarget "Practice04-SegueTests" */ = {
			isa = XCConfigurationList;
			buildConfigurations = (
				044434131BD1F6410015A4D1 /* Debug */,
				044434141BD1F6410015A4D1 /* Release */,
			);
			defaultConfigurationIsVisible = 0;
		};
		044434151BD1F6410015A4D1 /* Build configuration list for PBXNativeTarget "Practice04-SegueUITests" */ = {
			isa = XCConfigurationList;
			buildConfigurations = (
				044434161BD1F6410015A4D1 /* Debug */,
				044434171BD1F6410015A4D1 /* Release */,
			);
			defaultConfigurationIsVisible = 0;
		};
/* End XCConfigurationList section */
	};
	rootObject = 044433DF1BD1F6410015A4D1 /* Project object */;
}
